// !$*UTF8*$!
{
	archiveVersion = 1;
	classes = {
	};
	objectVersion = 77;
	objects = {

/* Begin PBXBuildFile section */
		14D4E8272E5B7EF000395EE0 /* GEOSwift in Frameworks */ = {isa = PBXBuildFile; productRef = 14D4E8262E5B7EF000395EE0 /* GEOSwift */; };
/* End PBXBuildFile section */

/* Begin PBXContainerItemProxy section */
		149D71782E5A1879000584BE /* PBXContainerItemProxy */ = {
			isa = PBXContainerItemProxy;
			containerPortal = 149D71602E5A1878000584BE /* Project object */;
			proxyType = 1;
			remoteGlobalIDString = 149D71672E5A1878000584BE;
			remoteInfo = hastighed;
		};
		149D71822E5A1879000584BE /* PBXContainerItemProxy */ = {
			isa = PBXContainerItemProxy;
			containerPortal = 149D71602E5A1878000584BE /* Project object */;
			proxyType = 1;
			remoteGlobalIDString = 149D71672E5A1878000584BE;
			remoteInfo = hastighed;
		};
/* End PBXContainerItemProxy section */

/* Begin PBXFileReference section */
		149D71682E5A1878000584BE /* hastighed.app */ = {isa = PBXFileReference; explicitFileType = wrapper.application; includeInIndex = 0; path = hastighed.app; sourceTree = BUILT_PRODUCTS_DIR; };
		149D71772E5A1879000584BE /* hastighedTests.xctest */ = {isa = PBXFileReference; explicitFileType = wrapper.cfbundle; includeInIndex = 0; path = hastighedTests.xctest; sourceTree = BUILT_PRODUCTS_DIR; };
		149D71812E5A1879000584BE /* hastighedUITests.xctest */ = {isa = PBXFileReference; explicitFileType = wrapper.cfbundle; includeInIndex = 0; path = hastighedUITests.xctest; sourceTree = BUILT_PRODUCTS_DIR; };
/* End PBXFileReference section */

/* Begin PBXFileSystemSynchronizedGroupBuildPhaseMembershipExceptionSet section */
		149D726C2E5B469B000584BE /* Exceptions for "hastighed" folder in "Compile Sources" phase from "hastighed" target */ = {
			isa = PBXFileSystemSynchronizedGroupBuildPhaseMembershipExceptionSet;
			buildPhase = 149D71642E5A1878000584BE /* Sources */;
			membershipExceptions = (
				osm/denmark.geojson,
			);
		};
/* End PBXFileSystemSynchronizedGroupBuildPhaseMembershipExceptionSet section */

/* Begin PBXFileSystemSynchronizedRootGroup section */
		149D716A2E5A1878000584BE /* hastighed */ = {
			isa = PBXFileSystemSynchronizedRootGroup;
			exceptions = (
				149D726C2E5B469B000584BE /* Exceptions for "hastighed" folder in "Compile Sources" phase from "hastighed" target */,
			);
			path = hastighed;
			sourceTree = "<group>";
		};
		149D717A2E5A1879000584BE /* hastighedTests */ = {
			isa = PBXFileSystemSynchronizedRootGroup;
			path = hastighedTests;
			sourceTree = "<group>";
		};
		149D71842E5A1879000584BE /* hastighedUITests */ = {
			isa = PBXFileSystemSynchronizedRootGroup;
			path = hastighedUITests;
			sourceTree = "<group>";
		};
/* End PBXFileSystemSynchronizedRootGroup section */

/* Begin PBXFrameworksBuildPhase section */
		149D71652E5A1878000584BE /* Frameworks */ = {
			isa = PBXFrameworksBuildPhase;
			buildActionMask = 2147483647;
			files = (
				14D4E8272E5B7EF000395EE0 /* GEOSwift in Frameworks */,
			);
			runOnlyForDeploymentPostprocessing = 0;
		};
		149D71742E5A1879000584BE /* Frameworks */ = {
			isa = PBXFrameworksBuildPhase;
			buildActionMask = 2147483647;
			files = (
			);
			runOnlyForDeploymentPostprocessing = 0;
		};
		149D717E2E5A1879000584BE /* Frameworks */ = {
			isa = PBXFrameworksBuildPhase;
			buildActionMask = 2147483647;
			files = (
			);
			runOnlyForDeploymentPostprocessing = 0;
		};
/* End PBXFrameworksBuildPhase section */

/* Begin PBXGroup section */
		149D715F2E5A1878000584BE = {
			isa = PBXGroup;
			children = (
				149D716A2E5A1878000584BE /* hastighed */,
				149D717A2E5A1879000584BE /* hastighedTests */,
				149D71842E5A1879000584BE /* hastighedUITests */,
				149D71692E5A1878000584BE /* Products */,
			);
			sourceTree = "<group>";
		};
		149D71692E5A1878000584BE /* Products */ = {
			isa = PBXGroup;
			children = (
				149D71682E5A1878000584BE /* hastighed.app */,
				149D71772E5A1879000584BE /* hastighedTests.xctest */,
				149D71812E5A1879000584BE /* hastighedUITests.xctest */,
			);
			name = Products;
			sourceTree = "<group>";
		};
/* End PBXGroup section */

/* Begin PBXNativeTarget section */
		149D71672E5A1878000584BE /* hastighed */ = {
			isa = PBXNativeTarget;
			buildConfigurationList = 149D718B2E5A1879000584BE /* Build configuration list for PBXNativeTarget "hastighed" */;
			buildPhases = (
				149D71642E5A1878000584BE /* Sources */,
				149D71652E5A1878000584BE /* Frameworks */,
				149D71662E5A1878000584BE /* Resources */,
			);
			buildRules = (
			);
			dependencies = (
			);
			fileSystemSynchronizedGroups = (
				149D716A2E5A1878000584BE /* hastighed */,
			);
			name = hastighed;
			packageProductDependencies = (
				14D4E8262E5B7EF000395EE0 /* GEOSwift */,
			);
			productName = hastighed;
			productReference = 149D71682E5A1878000584BE /* hastighed.app */;
			productType = "com.apple.product-type.application";
		};
		149D71762E5A1879000584BE /* hastighedTests */ = {
			isa = PBXNativeTarget;
			buildConfigurationList = 149D718E2E5A1879000584BE /* Build configuration list for PBXNativeTarget "hastighedTests" */;
			buildPhases = (
				149D71732E5A1879000584BE /* Sources */,
				149D71742E5A1879000584BE /* Frameworks */,
				149D71752E5A1879000584BE /* Resources */,
			);
			buildRules = (
			);
			dependencies = (
				149D71792E5A1879000584BE /* PBXTargetDependency */,
			);
			fileSystemSynchronizedGroups = (
				149D717A2E5A1879000584BE /* hastighedTests */,
			);
			name = hastighedTests;
			packageProductDependencies = (
			);
			productName = hastighedTests;
			productReference = 149D71772E5A1879000584BE /* hastighedTests.xctest */;
			productType = "com.apple.product-type.bundle.unit-test";
		};
		149D71802E5A1879000584BE /* hastighedUITests */ = {
			isa = PBXNativeTarget;
			buildConfigurationList = 149D71912E5A1879000584BE /* Build configuration list for PBXNativeTarget "hastighedUITests" */;
			buildPhases = (
				149D717D2E5A1879000584BE /* Sources */,
				149D717E2E5A1879000584BE /* Frameworks */,
				149D717F2E5A1879000584BE /* Resources */,
			);
			buildRules = (
			);
			dependencies = (
				149D71832E5A1879000584BE /* PBXTargetDependency */,
			);
			fileSystemSynchronizedGroups = (
				149D71842E5A1879000584BE /* hastighedUITests */,
			);
			name = hastighedUITests;
			packageProductDependencies = (
			);
			productName = hastighedUITests;
			productReference = 149D71812E5A1879000584BE /* hastighedUITests.xctest */;
			productType = "com.apple.product-type.bundle.ui-testing";
		};
/* End PBXNativeTarget section */

/* Begin PBXProject section */
		149D71602E5A1878000584BE /* Project object */ = {
			isa = PBXProject;
			attributes = {
				BuildIndependentTargetsInParallel = 1;
				LastSwiftUpdateCheck = 2600;
				LastUpgradeCheck = 2600;
				TargetAttributes = {
					149D71672E5A1878000584BE = {
						CreatedOnToolsVersion = 26.0;
					};
					149D71762E5A1879000584BE = {
						CreatedOnToolsVersion = 26.0;
						TestTargetID = 149D71672E5A1878000584BE;
					};
					149D71802E5A1879000584BE = {
						CreatedOnToolsVersion = 26.0;
						TestTargetID = 149D71672E5A1878000584BE;
					};
				};
			};
			buildConfigurationList = 149D71632E5A1878000584BE /* Build configuration list for PBXProject "hastighed" */;
			developmentRegion = en;
			hasScannedForEncodings = 0;
			knownRegions = (
				en,
				Base,
			);
			mainGroup = 149D715F2E5A1878000584BE;
			minimizedProjectReferenceProxies = 1;
			packageReferences = (
				14D4E8252E5B7EF000395EE0 /* XCRemoteSwiftPackageReference "GEOSwift" */,
			);
			preferredProjectObjectVersion = 77;
			productRefGroup = 149D71692E5A1878000584BE /* Products */;
			projectDirPath = "";
			projectRoot = "";
			targets = (
				149D71672E5A1878000584BE /* hastighed */,
				149D71762E5A1879000584BE /* hastighedTests */,
				149D71802E5A1879000584BE /* hastighedUITests */,
			);
		};
/* End PBXProject section */

/* Begin PBXResourcesBuildPhase section */
		149D71662E5A1878000584BE /* Resources */ = {
			isa = PBXResourcesBuildPhase;
			buildActionMask = 2147483647;
			files = (
			);
			runOnlyForDeploymentPostprocessing = 0;
		};
		149D71752E5A1879000584BE /* Resources */ = {
			isa = PBXResourcesBuildPhase;
			buildActionMask = 2147483647;
			files = (
			);
			runOnlyForDeploymentPostprocessing = 0;
		};
		149D717F2E5A1879000584BE /* Resources */ = {
			isa = PBXResourcesBuildPhase;
			buildActionMask = 2147483647;
			files = (
			);
			runOnlyForDeploymentPostprocessing = 0;
		};
/* End PBXResourcesBuildPhase section */

/* Begin PBXSourcesBuildPhase section */
		149D71642E5A1878000584BE /* Sources */ = {
			isa = PBXSourcesBuildPhase;
			buildActionMask = 2147483647;
			files = (
			);
			runOnlyForDeploymentPostprocessing = 0;
		};
		149D71732E5A1879000584BE /* Sources */ = {
			isa = PBXSourcesBuildPhase;
			buildActionMask = 2147483647;
			files = (
			);
			runOnlyForDeploymentPostprocessing = 0;
		};
		149D717D2E5A1879000584BE /* Sources */ = {
			isa = PBXSourcesBuildPhase;
			buildActionMask = 2147483647;
			files = (
			);
			runOnlyForDeploymentPostprocessing = 0;
		};
/* End PBXSourcesBuildPhase section */

/* Begin PBXTargetDependency section */
		149D71792E5A1879000584BE /* PBXTargetDependency */ = {
			isa = PBXTargetDependency;
			target = 149D71672E5A1878000584BE /* hastighed */;
			targetProxy = 149D71782E5A1879000584BE /* PBXContainerItemProxy */;
		};
		149D71832E5A1879000584BE /* PBXTargetDependency */ = {
			isa = PBXTargetDependency;
			target = 149D71672E5A1878000584BE /* hastighed */;
			targetProxy = 149D71822E5A1879000584BE /* PBXContainerItemProxy */;
		};
/* End PBXTargetDependency section */

/* Begin XCBuildConfiguration section */
		149D71892E5A1879000584BE /* Debug */ = {
			isa = XCBuildConfiguration;
			buildSettings = {
				ALWAYS_SEARCH_USER_PATHS = NO;
				ASSETCATALOG_COMPILER_GENERATE_SWIFT_ASSET_SYMBOL_EXTENSIONS = YES;
				CLANG_ANALYZER_NONNULL = YES;
				CLANG_ANALYZER_NUMBER_OBJECT_CONVERSION = YES_AGGRESSIVE;
				CLANG_CXX_LANGUAGE_STANDARD = "gnu++20";
				CLANG_ENABLE_MODULES = YES;
				CLANG_ENABLE_OBJC_ARC = YES;
				CLANG_ENABLE_OBJC_WEAK = YES;
				CLANG_WARN_BLOCK_CAPTURE_AUTORELEASING = YES;
				CLANG_WARN_BOOL_CONVERSION = YES;
				CLANG_WARN_COMMA = YES;
				CLANG_WARN_CONSTANT_CONVERSION = YES;
				CLANG_WARN_DEPRECATED_OBJC_IMPLEMENTATIONS = YES;
				CLANG_WARN_DIRECT_OBJC_ISA_USAGE = YES_ERROR;
				CLANG_WARN_DOCUMENTATION_COMMENTS = YES;
				CLANG_WARN_EMPTY_BODY = YES;
				CLANG_WARN_ENUM_CONVERSION = YES;
				CLANG_WARN_INFINITE_RECURSION = YES;
				CLANG_WARN_INT_CONVERSION = YES;
				CLANG_WARN_NON_LITERAL_NULL_CONVERSION = YES;
				CLANG_WARN_OBJC_IMPLICIT_RETAIN_SELF = YES;
				CLANG_WARN_OBJC_LITERAL_CONVERSION = YES;
				CLANG_WARN_OBJC_ROOT_CLASS = YES_ERROR;
				CLANG_WARN_QUOTED_INCLUDE_IN_FRAMEWORK_HEADER = YES;
				CLANG_WARN_RANGE_LOOP_ANALYSIS = YES;
				CLANG_WARN_STRICT_PROTOTYPES = YES;
				CLANG_WARN_SUSPICIOUS_MOVE = YES;
				CLANG_WARN_UNGUARDED_AVAILABILITY = YES_AGGRESSIVE;
				CLANG_WARN_UNREACHABLE_CODE = YES;
				CLANG_WARN__DUPLICATE_METHOD_MATCH = YES;
				COPY_PHASE_STRIP = NO;
				DEBUG_INFORMATION_FORMAT = dwarf;
				DEVELOPMENT_TEAM = A9Q5VPE9WX;
				ENABLE_STRICT_OBJC_MSGSEND = YES;
				ENABLE_TESTABILITY = YES;
				ENABLE_USER_SCRIPT_SANDBOXING = YES;
				GCC_C_LANGUAGE_STANDARD = gnu17;
				GCC_DYNAMIC_NO_PIC = NO;
				GCC_NO_COMMON_BLOCKS = YES;
				GCC_OPTIMIZATION_LEVEL = 0;
				GCC_PREPROCESSOR_DEFINITIONS = (
					"DEBUG=1",
					"$(inherited)",
				);
				GCC_WARN_64_TO_32_BIT_CONVERSION = YES;
				GCC_WARN_ABOUT_RETURN_TYPE = YES_ERROR;
				GCC_WARN_UNDECLARED_SELECTOR = YES;
				GCC_WARN_UNINITIALIZED_AUTOS = YES_AGGRESSIVE;
				GCC_WARN_UNUSED_FUNCTION = YES;
				GCC_WARN_UNUSED_VARIABLE = YES;
				IPHONEOS_DEPLOYMENT_TARGET = 26.0;
				LOCALIZATION_PREFERS_STRING_CATALOGS = YES;
				MTL_ENABLE_DEBUG_INFO = INCLUDE_SOURCE;
				MTL_FAST_MATH = YES;
				ONLY_ACTIVE_ARCH = YES;
				SDKROOT = iphoneos;
				SWIFT_ACTIVE_COMPILATION_CONDITIONS = "DEBUG $(inherited)";
				SWIFT_OPTIMIZATION_LEVEL = "-Onone";
			};
			name = Debug;
		};
		149D718A2E5A1879000584BE /* Release */ = {
			isa = XCBuildConfiguration;
			buildSettings = {
				ALWAYS_SEARCH_USER_PATHS = NO;
				ASSETCATALOG_COMPILER_GENERATE_SWIFT_ASSET_SYMBOL_EXTENSIONS = YES;
				CLANG_ANALYZER_NONNULL = YES;
				CLANG_ANALYZER_NUMBER_OBJECT_CONVERSION = YES_AGGRESSIVE;
				CLANG_CXX_LANGUAGE_STANDARD = "gnu++20";
				CLANG_ENABLE_MODULES = YES;
				CLANG_ENABLE_OBJC_ARC = YES;
				CLANG_ENABLE_OBJC_WEAK = YES;
				CLANG_WARN_BLOCK_CAPTURE_AUTORELEASING = YES;
				CLANG_WARN_BOOL_CONVERSION = YES;
				CLANG_WARN_COMMA = YES;
				CLANG_WARN_CONSTANT_CONVERSION = YES;
				CLANG_WARN_DEPRECATED_OBJC_IMPLEMENTATIONS = YES;
				CLANG_WARN_DIRECT_OBJC_ISA_USAGE = YES_ERROR;
				CLANG_WARN_DOCUMENTATION_COMMENTS = YES;
				CLANG_WARN_EMPTY_BODY = YES;
				CLANG_WARN_ENUM_CONVERSION = YES;
				CLANG_WARN_INFINITE_RECURSION = YES;
				CLANG_WARN_INT_CONVERSION = YES;
				CLANG_WARN_NON_LITERAL_NULL_CONVERSION = YES;
				CLANG_WARN_OBJC_IMPLICIT_RETAIN_SELF = YES;
				CLANG_WARN_OBJC_LITERAL_CONVERSION = YES;
				CLANG_WARN_OBJC_ROOT_CLASS = YES_ERROR;
				CLANG_WARN_QUOTED_INCLUDE_IN_FRAMEWORK_HEADER = YES;
				CLANG_WARN_RANGE_LOOP_ANALYSIS = YES;
				CLANG_WARN_STRICT_PROTOTYPES = YES;
				CLANG_WARN_SUSPICIOUS_MOVE = YES;
				CLANG_WARN_UNGUARDED_AVAILABILITY = YES_AGGRESSIVE;
				CLANG_WARN_UNREACHABLE_CODE = YES;
				CLANG_WARN__DUPLICATE_METHOD_MATCH = YES;
				COPY_PHASE_STRIP = NO;
				DEBUG_INFORMATION_FORMAT = "dwarf-with-dsym";
				DEVELOPMENT_TEAM = A9Q5VPE9WX;
				ENABLE_NS_ASSERTIONS = NO;
				ENABLE_STRICT_OBJC_MSGSEND = YES;
				ENABLE_USER_SCRIPT_SANDBOXING = YES;
				GCC_C_LANGUAGE_STANDARD = gnu17;
				GCC_NO_COMMON_BLOCKS = YES;
				GCC_WARN_64_TO_32_BIT_CONVERSION = YES;
				GCC_WARN_ABOUT_RETURN_TYPE = YES_ERROR;
				GCC_WARN_UNDECLARED_SELECTOR = YES;
				GCC_WARN_UNINITIALIZED_AUTOS = YES_AGGRESSIVE;
				GCC_WARN_UNUSED_FUNCTION = YES;
				GCC_WARN_UNUSED_VARIABLE = YES;
				IPHONEOS_DEPLOYMENT_TARGET = 26.0;
				LOCALIZATION_PREFERS_STRING_CATALOGS = YES;
				MTL_ENABLE_DEBUG_INFO = NO;
				MTL_FAST_MATH = YES;
				SDKROOT = iphoneos;
				SWIFT_COMPILATION_MODE = wholemodule;
				VALIDATE_PRODUCT = YES;
			};
			name = Release;
		};
		149D718C2E5A1879000584BE /* Debug */ = {
			isa = XCBuildConfiguration;
			buildSettings = {
				ASSETCATALOG_COMPILER_APPICON_NAME = AppIcon;
				ASSETCATALOG_COMPILER_GLOBAL_ACCENT_COLOR_NAME = AccentColor;
				CODE_SIGN_STYLE = Automatic;
				CURRENT_PROJECT_VERSION = 1;
				DEVELOPMENT_TEAM = A9Q5VPE9WX;
				ENABLE_PREVIEWS = YES;
				GENERATE_INFOPLIST_FILE = YES;
				INFOPLIST_KEY_NSLocationAlwaysAndWhenInUseUsageDescription = "This app needs access to your location to provide accurate speed limit information and street details for your current position.";
				INFOPLIST_KEY_NSLocationWhenInUseUsageDescription = "This app needs access to your location to provide accurate speed limit information and street details for your current position.";
				INFOPLIST_KEY_UIApplicationSceneManifest_Generation = YES;
				INFOPLIST_KEY_UIApplicationSupportsIndirectInputEvents = YES;
				INFOPLIST_KEY_UILaunchScreen_Generation = YES;
				INFOPLIST_KEY_UISupportedInterfaceOrientations_iPad = "UIInterfaceOrientationPortrait UIInterfaceOrientationPortraitUpsideDown UIInterfaceOrientationLandscapeLeft UIInterfaceOrientationLandscapeRight";
				INFOPLIST_KEY_UISupportedInterfaceOrientations_iPhone = "UIInterfaceOrientationPortrait UIInterfaceOrientationLandscapeLeft UIInterfaceOrientationLandscapeRight";
				LD_RUNPATH_SEARCH_PATHS = (
					"$(inherited)",
					"@executable_path/Frameworks",
				);
				MARKETING_VERSION = 1.0;
				PRODUCT_BUNDLE_IDENTIFIER = com.eopio.hastighed;
				PRODUCT_NAME = "$(TARGET_NAME)";
				STRING_CATALOG_GENERATE_SYMBOLS = YES;
				SWIFT_APPROACHABLE_CONCURRENCY = YES;
				SWIFT_DEFAULT_ACTOR_ISOLATION = MainActor;
				SWIFT_EMIT_LOC_STRINGS = YES;
				SWIFT_UPCOMING_FEATURE_MEMBER_IMPORT_VISIBILITY = YES;
				SWIFT_VERSION = 5.0;
				TARGETED_DEVICE_FAMILY = "1,2";
			};
			name = Debug;
		};
		149D718D2E5A1879000584BE /* Release */ = {
			isa = XCBuildConfiguration;
			buildSettings = {
				ASSETCATALOG_COMPILER_APPICON_NAME = AppIcon;
				ASSETCATALOG_COMPILER_GLOBAL_ACCENT_COLOR_NAME = AccentColor;
				CODE_SIGN_STYLE = Automatic;
				CURRENT_PROJECT_VERSION = 1;
				DEVELOPMENT_TEAM = A9Q5VPE9WX;
				ENABLE_PREVIEWS = YES;
				GENERATE_INFOPLIST_FILE = YES;
				INFOPLIST_KEY_NSLocationAlwaysAndWhenInUseUsageDescription = "This app needs access to your location to provide accurate speed limit information and street details for your current position.";
				INFOPLIST_KEY_NSLocationWhenInUseUsageDescription = "This app needs access to your location to provide accurate speed limit information and street details for your current position.";
				INFOPLIST_KEY_UIApplicationSceneManifest_Generation = YES;
				INFOPLIST_KEY_UIApplicationSupportsIndirectInputEvents = YES;
				INFOPLIST_KEY_UILaunchScreen_Generation = YES;
				INFOPLIST_KEY_UISupportedInterfaceOrientations_iPad = "UIInterfaceOrientationPortrait UIInterfaceOrientationPortraitUpsideDown UIInterfaceOrientationLandscapeLeft UIInterfaceOrientationLandscapeRight";
				INFOPLIST_KEY_UISupportedInterfaceOrientations_iPhone = "UIInterfaceOrientationPortrait UIInterfaceOrientationLandscapeLeft UIInterfaceOrientationLandscapeRight";
				LD_RUNPATH_SEARCH_PATHS = (
					"$(inherited)",
					"@executable_path/Frameworks",
				);
				MARKETING_VERSION = 1.0;
				PRODUCT_BUNDLE_IDENTIFIER = com.eopio.hastighed;
				PRODUCT_NAME = "$(TARGET_NAME)";
				STRING_CATALOG_GENERATE_SYMBOLS = YES;
				SWIFT_APPROACHABLE_CONCURRENCY = YES;
				SWIFT_DEFAULT_ACTOR_ISOLATION = MainActor;
				SWIFT_EMIT_LOC_STRINGS = YES;
				SWIFT_UPCOMING_FEATURE_MEMBER_IMPORT_VISIBILITY = YES;
				SWIFT_VERSION = 5.0;
				TARGETED_DEVICE_FAMILY = "1,2";
			};
			name = Release;
		};
		149D718F2E5A1879000584BE /* Debug */ = {
			isa = XCBuildConfiguration;
			buildSettings = {
				BUNDLE_LOADER = "$(TEST_HOST)";
				CODE_SIGN_STYLE = Automatic;
				CURRENT_PROJECT_VERSION = 1;
				DEVELOPMENT_TEAM = A9Q5VPE9WX;
				GENERATE_INFOPLIST_FILE = YES;
				IPHONEOS_DEPLOYMENT_TARGET = 26.0;
				MARKETING_VERSION = 1.0;
				PRODUCT_BUNDLE_IDENTIFIER = com.eopio.hastighedTests;
				PRODUCT_NAME = "$(TARGET_NAME)";
				STRING_CATALOG_GENERATE_SYMBOLS = NO;
				SWIFT_APPROACHABLE_CONCURRENCY = YES;
				SWIFT_EMIT_LOC_STRINGS = NO;
				SWIFT_UPCOMING_FEATURE_MEMBER_IMPORT_VISIBILITY = YES;
				SWIFT_VERSION = 5.0;
				TARGETED_DEVICE_FAMILY = "1,2";
				TEST_HOST = "$(BUILT_PRODUCTS_DIR)/hastighed.app/$(BUNDLE_EXECUTABLE_FOLDER_PATH)/hastighed";
			};
			name = Debug;
		};
		149D71902E5A1879000584BE /* Release */ = {
			isa = XCBuildConfiguration;
			buildSettings = {
				BUNDLE_LOADER = "$(TEST_HOST)";
				CODE_SIGN_STYLE = Automatic;
				CURRENT_PROJECT_VERSION = 1;
				DEVELOPMENT_TEAM = A9Q5VPE9WX;
				GENERATE_INFOPLIST_FILE = YES;
				IPHONEOS_DEPLOYMENT_TARGET = 26.0;
				MARKETING_VERSION = 1.0;
				PRODUCT_BUNDLE_IDENTIFIER = com.eopio.hastighedTests;
				PRODUCT_NAME = "$(TARGET_NAME)";
				STRING_CATALOG_GENERATE_SYMBOLS = NO;
				SWIFT_APPROACHABLE_CONCURRENCY = YES;
				SWIFT_EMIT_LOC_STRINGS = NO;
				SWIFT_UPCOMING_FEATURE_MEMBER_IMPORT_VISIBILITY = YES;
				SWIFT_VERSION = 5.0;
				TARGETED_DEVICE_FAMILY = "1,2";
				TEST_HOST = "$(BUILT_PRODUCTS_DIR)/hastighed.app/$(BUNDLE_EXECUTABLE_FOLDER_PATH)/hastighed";
			};
			name = Release;
		};
		149D71922E5A1879000584BE /* Debug */ = {
			isa = XCBuildConfiguration;
			buildSettings = {
				CODE_SIGN_STYLE = Automatic;
				CURRENT_PROJECT_VERSION = 1;
				DEVELOPMENT_TEAM = A9Q5VPE9WX;
				GENERATE_INFOPLIST_FILE = YES;
				MARKETING_VERSION = 1.0;
				PRODUCT_BUNDLE_IDENTIFIER = com.eopio.hastighedUITests;
				PRODUCT_NAME = "$(TARGET_NAME)";
				STRING_CATALOG_GENERATE_SYMBOLS = NO;
				SWIFT_APPROACHABLE_CONCURRENCY = YES;
				SWIFT_EMIT_LOC_STRINGS = NO;
				SWIFT_UPCOMING_FEATURE_MEMBER_IMPORT_VISIBILITY = YES;
				SWIFT_VERSION = 5.0;
				TARGETED_DEVICE_FAMILY = "1,2";
				TEST_TARGET_NAME = hastighed;
			};
			name = Debug;
		};
		149D71932E5A1879000584BE /* Release */ = {
			isa = XCBuildConfiguration;
			buildSettings = {
				CODE_SIGN_STYLE = Automatic;
				CURRENT_PROJECT_VERSION = 1;
				DEVELOPMENT_TEAM = A9Q5VPE9WX;
				GENERATE_INFOPLIST_FILE = YES;
				MARKETING_VERSION = 1.0;
				PRODUCT_BUNDLE_IDENTIFIER = com.eopio.hastighedUITests;
				PRODUCT_NAME = "$(TARGET_NAME)";
				STRING_CATALOG_GENERATE_SYMBOLS = NO;
				SWIFT_APPROACHABLE_CONCURRENCY = YES;
				SWIFT_EMIT_LOC_STRINGS = NO;
				SWIFT_UPCOMING_FEATURE_MEMBER_IMPORT_VISIBILITY = YES;
				SWIFT_VERSION = 5.0;
				TARGETED_DEVICE_FAMILY = "1,2";
				TEST_TARGET_NAME = hastighed;
			};
			name = Release;
		};
/* End XCBuildConfiguration section */

/* Begin XCConfigurationList section */
		149D71632E5A1878000584BE /* Build configuration list for PBXProject "hastighed" */ = {
			isa = XCConfigurationList;
			buildConfigurations = (
				149D71892E5A1879000584BE /* Debug */,
				149D718A2E5A1879000584BE /* Release */,
			);
			defaultConfigurationIsVisible = 0;
			defaultConfigurationName = Release;
		};
		149D718B2E5A1879000584BE /* Build configuration list for PBXNativeTarget "hastighed" */ = {
			isa = XCConfigurationList;
			buildConfigurations = (
				149D718C2E5A1879000584BE /* Debug */,
				149D718D2E5A1879000584BE /* Release */,
			);
			defaultConfigurationIsVisible = 0;
			defaultConfigurationName = Release;
		};
		149D718E2E5A1879000584BE /* Build configuration list for PBXNativeTarget "hastighedTests" */ = {
			isa = XCConfigurationList;
			buildConfigurations = (
				149D718F2E5A1879000584BE /* Debug */,
				149D71902E5A1879000584BE /* Release */,
			);
			defaultConfigurationIsVisible = 0;
			defaultConfigurationName = Release;
		};
		149D71912E5A1879000584BE /* Build configuration list for PBXNativeTarget "hastighedUITests" */ = {
			isa = XCConfigurationList;
			buildConfigurations = (
				149D71922E5A1879000584BE /* Debug */,
				149D71932E5A1879000584BE /* Release */,
			);
			defaultConfigurationIsVisible = 0;
			defaultConfigurationName = Release;
		};
/* End XCConfigurationList section */

/* Begin XCRemoteSwiftPackageReference section */
		14D4E8252E5B7EF000395EE0 /* XCRemoteSwiftPackageReference "GEOSwift" */ = {
			isa = XCRemoteSwiftPackageReference;
			repositoryURL = "https://github.com/GEOSwift/GEOSwift.git";
			requirement = {
				kind = upToNextMajorVersion;
				minimumVersion = 11.2.0;
			};
		};
/* End XCRemoteSwiftPackageReference section */

/* Begin XCSwiftPackageProductDependency section */
		14D4E8262E5B7EF000395EE0 /* GEOSwift */ = {
			isa = XCSwiftPackageProductDependency;
			package = 14D4E8252E5B7EF000395EE0 /* XCRemoteSwiftPackageReference "GEOSwift" */;
			productName = GEOSwift;
		};
/* End XCSwiftPackageProductDependency section */
	};
	rootObject = 149D71602E5A1878000584BE /* Project object */;
}
